
Microsoft Visual Studio Solution File, Format Version 12.00
# Visual Studio Version 16
VisualStudioVersion = 16.0.30907.101
MinimumVisualStudioVersion = 10.0.40219.1
Project("{2150E333-8FDC-42A3-9474-1A3956D46DE8}") = "Solution Items", "Solution Items", "{0CE0698B-D6E4-4A1D-9353-1FBD62949736}"
	ProjectSection(SolutionItems) = preProject
		.editorconfig = .editorconfig
	EndProjectSection
EndProject
Project("{FAE04EC0-301F-11D3-BF4B-00C04F79EFBC}") = "SimpleTrader.Domain", "SimpleTrader\SimpleTrader.Domain\SimpleTrader.Domain.csproj", "{C2D03161-44CB-471E-BF8D-69D85E29C8C4}"
EndProject
Project("{FAE04EC0-301F-11D3-BF4B-00C04F79EFBC}") = "SimpleTrader.EntityFramework", "SimpleTrader\SimpleTrader.EntityFramework\SimpleTrader.EntityFramework.csproj", "{FCA9174F-2D81-41E8-95C5-3931A295AD48}"
EndProject
Global
	GlobalSection(SolutionConfigurationPlatforms) = preSolution
		Debug|Any CPU = Debug|Any CPU
		Release|Any CPU = Release|Any CPU
	EndGlobalSection
	GlobalSection(ProjectConfigurationPlatforms) = postSolution
		{C2D03161-44CB-471E-BF8D-69D85E29C8C4}.Debug|Any CPU.ActiveCfg = Debug|Any CPU
		{C2D03161-44CB-471E-BF8D-69D85E29C8C4}.Debug|Any CPU.Build.0 = Debug|Any CPU
		{C2D03161-44CB-471E-BF8D-69D85E29C8C4}.Release|Any CPU.ActiveCfg = Release|Any CPU
		{C2D03161-44CB-471E-BF8D-69D85E29C8C4}.Release|Any CPU.Build.0 = Release|Any CPU
		{FCA9174F-2D81-41E8-95C5-3931A295AD48}.Debug|Any CPU.ActiveCfg = Debug|Any CPU
		{FCA9174F-2D81-41E8-95C5-3931A295AD48}.Debug|Any CPU.Build.0 = Debug|Any CPU
		{FCA9174F-2D81-41E8-95C5-3931A295AD48}.Release|Any CPU.ActiveCfg = Release|Any CPU
		{FCA9174F-2D81-41E8-95C5-3931A295AD48}.Release|Any CPU.Build.0 = Release|Any CPU
	EndGlobalSection
	GlobalSection(SolutionProperties) = preSolution
		HideSolutionNode = FALSE
	EndGlobalSection
	GlobalSection(ExtensibilityGlobals) = postSolution
		SolutionGuid = {CE60FA63-6347-4FA4-98DC-72BE2A9AA8AB}
	EndGlobalSection
EndGlobal
